
Microsoft Visual Studio Solution File, Format Version 12.00
# Visual Studio Version 17
VisualStudioVersion = 17.1.32421.90
MinimumVisualStudioVersion = 10.0.40219.1
Project("{9A19103F-16F7-4668-BE54-9A1E7A4F7556}") = "ExercicioConcessionaria", "Concessionaria.Console\ExercicioConcessionaria.csproj", "{C89D481B-5529-4DD0-B62D-2EBD640FCC90}"
EndProject
Project("{9A19103F-16F7-4668-BE54-9A1E7A4F7556}") = "Concessionaria.Teste", "Concessionaria.Teste\Concessionaria.Teste.csproj", "{EE24D5E2-5FFA-4396-84D4-802428DF92EF}"
EndProject
Project("{9A19103F-16F7-4668-BE54-9A1E7A4F7556}") = "Concessionaria.web", "Concessionaria.web\Concessionaria.web.csproj", "{81BB274D-8AAA-4F41-913A-BEE77301164C}"
EndProject
Project("{9A19103F-16F7-4668-BE54-9A1E7A4F7556}") = "Concessionaria.Lib", "ProjetoConcessionaria.Lib\Concessionaria.Lib.csproj", "{2F292F8A-C437-4263-976C-E88BAB004108}"
EndProject
Global
	GlobalSection(SolutionConfigurationPlatforms) = preSolution
		Debug|Any CPU = Debug|Any CPU
		Debug|x64 = Debug|x64
		Debug|x86 = Debug|x86
		Release|Any CPU = Release|Any CPU
		Release|x64 = Release|x64
		Release|x86 = Release|x86
	EndGlobalSection
	GlobalSection(ProjectConfigurationPlatforms) = postSolution
		{C89D481B-5529-4DD0-B62D-2EBD640FCC90}.Debug|Any CPU.ActiveCfg = Debug|Any CPU
		{C89D481B-5529-4DD0-B62D-2EBD640FCC90}.Debug|Any CPU.Build.0 = Debug|Any CPU
		{C89D481B-5529-4DD0-B62D-2EBD640FCC90}.Debug|x64.ActiveCfg = Debug|Any CPU
		{C89D481B-5529-4DD0-B62D-2EBD640FCC90}.Debug|x64.Build.0 = Debug|Any CPU
		{C89D481B-5529-4DD0-B62D-2EBD640FCC90}.Debug|x86.ActiveCfg = Debug|Any CPU
		{C89D481B-5529-4DD0-B62D-2EBD640FCC90}.Debug|x86.Build.0 = Debug|Any CPU
		{C89D481B-5529-4DD0-B62D-2EBD640FCC90}.Release|Any CPU.ActiveCfg = Release|Any CPU
		{C89D481B-5529-4DD0-B62D-2EBD640FCC90}.Release|Any CPU.Build.0 = Release|Any CPU
		{C89D481B-5529-4DD0-B62D-2EBD640FCC90}.Release|x64.ActiveCfg = Release|Any CPU
		{C89D481B-5529-4DD0-B62D-2EBD640FCC90}.Release|x64.Build.0 = Release|Any CPU
		{C89D481B-5529-4DD0-B62D-2EBD640FCC90}.Release|x86.ActiveCfg = Release|Any CPU
		{C89D481B-5529-4DD0-B62D-2EBD640FCC90}.Release|x86.Build.0 = Release|Any CPU
		{EE24D5E2-5FFA-4396-84D4-802428DF92EF}.Debug|Any CPU.ActiveCfg = Debug|Any CPU
		{EE24D5E2-5FFA-4396-84D4-802428DF92EF}.Debug|Any CPU.Build.0 = Debug|Any CPU
		{EE24D5E2-5FFA-4396-84D4-802428DF92EF}.Debug|x64.ActiveCfg = Debug|Any CPU
		{EE24D5E2-5FFA-4396-84D4-802428DF92EF}.Debug|x64.Build.0 = Debug|Any CPU
		{EE24D5E2-5FFA-4396-84D4-802428DF92EF}.Debug|x86.ActiveCfg = Debug|Any CPU
		{EE24D5E2-5FFA-4396-84D4-802428DF92EF}.Debug|x86.Build.0 = Debug|Any CPU
		{EE24D5E2-5FFA-4396-84D4-802428DF92EF}.Release|Any CPU.ActiveCfg = Release|Any CPU
		{EE24D5E2-5FFA-4396-84D4-802428DF92EF}.Release|Any CPU.Build.0 = Release|Any CPU
		{EE24D5E2-5FFA-4396-84D4-802428DF92EF}.Release|x64.ActiveCfg = Release|Any CPU
		{EE24D5E2-5FFA-4396-84D4-802428DF92EF}.Release|x64.Build.0 = Release|Any CPU
		{EE24D5E2-5FFA-4396-84D4-802428DF92EF}.Release|x86.ActiveCfg = Release|Any CPU
		{EE24D5E2-5FFA-4396-84D4-802428DF92EF}.Release|x86.Build.0 = Release|Any CPU
		{81BB274D-8AAA-4F41-913A-BEE77301164C}.Debug|Any CPU.ActiveCfg = Debug|Any CPU
		{81BB274D-8AAA-4F41-913A-BEE77301164C}.Debug|Any CPU.Build.0 = Debug|Any CPU
		{81BB274D-8AAA-4F41-913A-BEE77301164C}.Debug|x64.ActiveCfg = Debug|Any CPU
		{81BB274D-8AAA-4F41-913A-BEE77301164C}.Debug|x64.Build.0 = Debug|Any CPU
		{81BB274D-8AAA-4F41-913A-BEE77301164C}.Debug|x86.ActiveCfg = Debug|Any CPU
		{81BB274D-8AAA-4F41-913A-BEE77301164C}.Debug|x86.Build.0 = Debug|Any CPU
		{81BB274D-8AAA-4F41-913A-BEE77301164C}.Release|Any CPU.ActiveCfg = Release|Any CPU
		{81BB274D-8AAA-4F41-913A-BEE77301164C}.Release|Any CPU.Build.0 = Release|Any CPU
		{81BB274D-8AAA-4F41-913A-BEE77301164C}.Release|x64.ActiveCfg = Release|Any CPU
		{81BB274D-8AAA-4F41-913A-BEE77301164C}.Release|x64.Build.0 = Release|Any CPU
		{81BB274D-8AAA-4F41-913A-BEE77301164C}.Release|x86.ActiveCfg = Release|Any CPU
		{81BB274D-8AAA-4F41-913A-BEE77301164C}.Release|x86.Build.0 = Release|Any CPU
		{2F292F8A-C437-4263-976C-E88BAB004108}.Debug|Any CPU.ActiveCfg = Debug|Any CPU
		{2F292F8A-C437-4263-976C-E88BAB004108}.Debug|Any CPU.Build.0 = Debug|Any CPU
		{2F292F8A-C437-4263-976C-E88BAB004108}.Debug|x64.ActiveCfg = Debug|Any CPU
		{2F292F8A-C437-4263-976C-E88BAB004108}.Debug|x64.Build.0 = Debug|Any CPU
		{2F292F8A-C437-4263-976C-E88BAB004108}.Debug|x86.ActiveCfg = Debug|Any CPU
		{2F292F8A-C437-4263-976C-E88BAB004108}.Debug|x86.Build.0 = Debug|Any CPU
		{2F292F8A-C437-4263-976C-E88BAB004108}.Release|Any CPU.ActiveCfg = Release|Any CPU
		{2F292F8A-C437-4263-976C-E88BAB004108}.Release|Any CPU.Build.0 = Release|Any CPU
		{2F292F8A-C437-4263-976C-E88BAB004108}.Release|x64.ActiveCfg = Release|Any CPU
		{2F292F8A-C437-4263-976C-E88BAB004108}.Release|x64.Build.0 = Release|Any CPU
		{2F292F8A-C437-4263-976C-E88BAB004108}.Release|x86.ActiveCfg = Release|Any CPU
		{2F292F8A-C437-4263-976C-E88BAB004108}.Release|x86.Build.0 = Release|Any CPU
	EndGlobalSection
	GlobalSection(SolutionProperties) = preSolution
		HideSolutionNode = FALSE
	EndGlobalSection
	GlobalSection(ExtensibilityGlobals) = postSolution
		SolutionGuid = {F36107ED-1253-45EE-8D9C-36B9FC39FC29}
	EndGlobalSection
EndGlobal
