
Microsoft Visual Studio Solution File, Format Version 12.00
# Visual Studio Version 16
VisualStudioVersion = 16.0.30114.105
MinimumVisualStudioVersion = 10.0.40219.1
Project("{FAE04EC0-301F-11D3-BF4B-00C04F79EFBC}") = "ExercicioConcessionaria", "Concessionaria.Console\ExercicioConcessionaria.csproj", "{C89D481B-5529-4DD0-B62D-2EBD640FCC90}"
EndProject
Project("{FAE04EC0-301F-11D3-BF4B-00C04F79EFBC}") = "Concessionaria.Teste", "Concessionaria.Teste\Concessionaria.Teste.csproj", "{EE24D5E2-5FFA-4396-84D4-802428DF92EF}"
EndProject
Project("{FAE04EC0-301F-11D3-BF4B-00C04F79EFBC}") = "Concessionaria.web", "Concessionaria.web\Concessionaria.web.csproj", "{81BB274D-8AAA-4F41-913A-BEE77301164C}"
EndProject
Global
	GlobalSection(SolutionProperties) = preSolution
		HideSolutionNode = FALSE
	EndGlobalSection
	GlobalSection(SolutionConfigurationPlatforms) = preSolution
		Debug|Any CPU = Debug|Any CPU
		Debug|x64 = Debug|x64
		Debug|x86 = Debug|x86
		Release|Any CPU = Release|Any CPU
		Release|x64 = Release|x64
		Release|x86 = Release|x86
	EndGlobalSection
	GlobalSection(ProjectConfigurationPlatforms) = postSolution
		{C89D481B-5529-4DD0-B62D-2EBD640FCC90}.Debug|Any CPU.ActiveCfg = Debug|Any CPU
		{C89D481B-5529-4DD0-B62D-2EBD640FCC90}.Debug|Any CPU.Build.0 = Debug|Any CPU
		{C89D481B-5529-4DD0-B62D-2EBD640FCC90}.Debug|x64.ActiveCfg = Debug|Any CPU
		{C89D481B-5529-4DD0-B62D-2EBD640FCC90}.Debug|x64.Build.0 = Debug|Any CPU
		{C89D481B-5529-4DD0-B62D-2EBD640FCC90}.Debug|x86.ActiveCfg = Debug|Any CPU
		{C89D481B-5529-4DD0-B62D-2EBD640FCC90}.Debug|x86.Build.0 = Debug|Any CPU
		{C89D481B-5529-4DD0-B62D-2EBD640FCC90}.Release|Any CPU.ActiveCfg = Release|Any CPU
		{C89D481B-5529-4DD0-B62D-2EBD640FCC90}.Release|Any CPU.Build.0 = Release|Any CPU
		{C89D481B-5529-4DD0-B62D-2EBD640FCC90}.Release|x64.ActiveCfg = Release|Any CPU
		{C89D481B-5529-4DD0-B62D-2EBD640FCC90}.Release|x64.Build.0 = Release|Any CPU
		{C89D481B-5529-4DD0-B62D-2EBD640FCC90}.Release|x86.ActiveCfg = Release|Any CPU
		{C89D481B-5529-4DD0-B62D-2EBD640FCC90}.Release|x86.Build.0 = Release|Any CPU
		{EE24D5E2-5FFA-4396-84D4-802428DF92EF}.Debug|Any CPU.ActiveCfg = Debug|Any CPU
		{EE24D5E2-5FFA-4396-84D4-802428DF92EF}.Debug|Any CPU.Build.0 = Debug|Any CPU
		{EE24D5E2-5FFA-4396-84D4-802428DF92EF}.Debug|x64.ActiveCfg = Debug|Any CPU
		{EE24D5E2-5FFA-4396-84D4-802428DF92EF}.Debug|x64.Build.0 = Debug|Any CPU
		{EE24D5E2-5FFA-4396-84D4-802428DF92EF}.Debug|x86.ActiveCfg = Debug|Any CPU
		{EE24D5E2-5FFA-4396-84D4-802428DF92EF}.Debug|x86.Build.0 = Debug|Any CPU
		{EE24D5E2-5FFA-4396-84D4-802428DF92EF}.Release|Any CPU.ActiveCfg = Release|Any CPU
		{EE24D5E2-5FFA-4396-84D4-802428DF92EF}.Release|Any CPU.Build.0 = Release|Any CPU
		{EE24D5E2-5FFA-4396-84D4-802428DF92EF}.Release|x64.ActiveCfg = Release|Any CPU
		{EE24D5E2-5FFA-4396-84D4-802428DF92EF}.Release|x64.Build.0 = Release|Any CPU
		{EE24D5E2-5FFA-4396-84D4-802428DF92EF}.Release|x86.ActiveCfg = Release|Any CPU
		{EE24D5E2-5FFA-4396-84D4-802428DF92EF}.Release|x86.Build.0 = Release|Any CPU
		{81BB274D-8AAA-4F41-913A-BEE77301164C}.Debug|Any CPU.ActiveCfg = Debug|Any CPU
		{81BB274D-8AAA-4F41-913A-BEE77301164C}.Debug|Any CPU.Build.0 = Debug|Any CPU
		{81BB274D-8AAA-4F41-913A-BEE77301164C}.Debug|x64.ActiveCfg = Debug|Any CPU
		{81BB274D-8AAA-4F41-913A-BEE77301164C}.Debug|x64.Build.0 = Debug|Any CPU
		{81BB274D-8AAA-4F41-913A-BEE77301164C}.Debug|x86.ActiveCfg = Debug|Any CPU
		{81BB274D-8AAA-4F41-913A-BEE77301164C}.Debug|x86.Build.0 = Debug|Any CPU
		{81BB274D-8AAA-4F41-913A-BEE77301164C}.Release|Any CPU.ActiveCfg = Release|Any CPU
		{81BB274D-8AAA-4F41-913A-BEE77301164C}.Release|Any CPU.Build.0 = Release|Any CPU
		{81BB274D-8AAA-4F41-913A-BEE77301164C}.Release|x64.ActiveCfg = Release|Any CPU
		{81BB274D-8AAA-4F41-913A-BEE77301164C}.Release|x64.Build.0 = Release|Any CPU
		{81BB274D-8AAA-4F41-913A-BEE77301164C}.Release|x86.ActiveCfg = Release|Any CPU
		{81BB274D-8AAA-4F41-913A-BEE77301164C}.Release|x86.Build.0 = Release|Any CPU
	EndGlobalSection
EndGlobal
